// !$*UTF8*$!
{
	archiveVersion = 1;
	classes = {
	};
	objectVersion = 46;
	objects = {

/* Begin PBXBuildFile section */
		CD6048471DBFD4D4003BDB79 /* AppDelegate.swift in Sources */ = {isa = PBXBuildFile; fileRef = CD6048461DBFD4D4003BDB79 /* AppDelegate.swift */; };
		CD6048491DBFD4D4003BDB79 /* ViewController.swift in Sources */ = {isa = PBXBuildFile; fileRef = CD6048481DBFD4D4003BDB79 /* ViewController.swift */; };
		CD60484C1DBFD4D4003BDB79 /* Main.storyboard in Resources */ = {isa = PBXBuildFile; fileRef = CD60484A1DBFD4D4003BDB79 /* Main.storyboard */; };
		CD60484E1DBFD4D4003BDB79 /* Assets.xcassets in Resources */ = {isa = PBXBuildFile; fileRef = CD60484D1DBFD4D4003BDB79 /* Assets.xcassets */; };
		CD6048511DBFD4D4003BDB79 /* LaunchScreen.storyboard in Resources */ = {isa = PBXBuildFile; fileRef = CD60484F1DBFD4D4003BDB79 /* LaunchScreen.storyboard */; };
/* End PBXBuildFile section */

/* Begin PBXFileReference section */
		CD6048431DBFD4D4003BDB79 /* Scale.app */ = {isa = PBXFileReference; explicitFileType = wrapper.application; includeInIndex = 0; path = Scale.app; sourceTree = BUILT_PRODUCTS_DIR; };
		CD6048461DBFD4D4003BDB79 /* AppDelegate.swift */ = {isa = PBXFileReference; lastKnownFileType = sourcecode.swift; path = AppDelegate.swift; sourceTree = "<group>"; };
		CD6048481DBFD4D4003BDB79 /* ViewController.swift */ = {isa = PBXFileReference; lastKnownFileType = sourcecode.swift; path = ViewController.swift; sourceTree = "<group>"; };
		CD60484B1DBFD4D4003BDB79 /* Base */ = {isa = PBXFileReference; lastKnownFileType = file.storyboard; name = Base; path = Base.lproj/Main.storyboard; sourceTree = "<group>"; };
		CD60484D1DBFD4D4003BDB79 /* Assets.xcassets */ = {isa = PBXFileReference; lastKnownFileType = folder.assetcatalog; path = Assets.xcassets; sourceTree = "<group>"; };
		CD6048501DBFD4D4003BDB79 /* Base */ = {isa = PBXFileReference; lastKnownFileType = file.storyboard; name = Base; path = Base.lproj/LaunchScreen.storyboard; sourceTree = "<group>"; };
		CD6048521DBFD4D4003BDB79 /* Info.plist */ = {isa = PBXFileReference; lastKnownFileType = text.plist.xml; path = Info.plist; sourceTree = "<group>"; };
/* End PBXFileReference section */

/* Begin PBXFrameworksBuildPhase section */
		CD6048401DBFD4D4003BDB79 /* Frameworks */ = {
			isa = PBXFrameworksBuildPhase;
			buildActionMask = 2147483647;
			files = (
			);
			runOnlyForDeploymentPostprocessing = 0;
		};
/* End PBXFrameworksBuildPhase section */

/* Begin PBXGroup section */
		CD60483A1DBFD4D4003BDB79 = {
			isa = PBXGroup;
			children = (
				CD6048451DBFD4D4003BDB79 /* Scale */,
				CD6048441DBFD4D4003BDB79 /* Products */,
			);
			sourceTree = "<group>";
		};
		CD6048441DBFD4D4003BDB79 /* Products */ = {
			isa = PBXGroup;
			children = (
				CD6048431DBFD4D4003BDB79 /* Scale.app */,
			);
			name = Products;
			sourceTree = "<group>";
		};
		CD6048451DBFD4D4003BDB79 /* Scale */ = {
			isa = PBXGroup;
			children = (
				CD6048461DBFD4D4003BDB79 /* AppDelegate.swift */,
				CD6048481DBFD4D4003BDB79 /* ViewController.swift */,
				CD60484A1DBFD4D4003BDB79 /* Main.storyboard */,
				CD60484D1DBFD4D4003BDB79 /* Assets.xcassets */,
				CD60484F1DBFD4D4003BDB79 /* LaunchScreen.storyboard */,
				CD6048521DBFD4D4003BDB79 /* Info.plist */,
			);
			path = Scale;
			sourceTree = "<group>";
		};
/* End PBXGroup section */

/* Begin PBXNativeTarget section */
		CD6048421DBFD4D4003BDB79 /* Scale */ = {
			isa = PBXNativeTarget;
			buildConfigurationList = CD6048551DBFD4D4003BDB79 /* Build configuration list for PBXNativeTarget "Scale" */;
			buildPhases = (
				CD60483F1DBFD4D4003BDB79 /* Sources */,
				CD6048401DBFD4D4003BDB79 /* Frameworks */,
				CD6048411DBFD4D4003BDB79 /* Resources */,
			);
			buildRules = (
			);
			dependencies = (
			);
			name = Scale;
			productName = Scale;
			productReference = CD6048431DBFD4D4003BDB79 /* Scale.app */;
			productType = "com.apple.product-type.application";
		};
/* End PBXNativeTarget section */

/* Begin PBXProject section */
		CD60483B1DBFD4D4003BDB79 /* Project object */ = {
			isa = PBXProject;
			attributes = {
				LastSwiftUpdateCheck = 0800;
				LastUpgradeCheck = 0800;
				ORGANIZATIONNAME = "Andrew Iron";
				TargetAttributes = {
					CD6048421DBFD4D4003BDB79 = {
						CreatedOnToolsVersion = 8.0;
						DevelopmentTeam = 676778BJEB;
						ProvisioningStyle = Automatic;
					};
				};
			};
			buildConfigurationList = CD60483E1DBFD4D4003BDB79 /* Build configuration list for PBXProject "Scale" */;
			compatibilityVersion = "Xcode 3.2";
			developmentRegion = English;
			hasScannedForEncodings = 0;
			knownRegions = (
				en,
				Base,
			);
			mainGroup = CD60483A1DBFD4D4003BDB79;
			productRefGroup = CD6048441DBFD4D4003BDB79 /* Products */;
			projectDirPath = "";
			projectRoot = "";
			targets = (
				CD6048421DBFD4D4003BDB79 /* Scale */,
			);
		};
/* End PBXProject section */

/* Begin PBXResourcesBuildPhase section */
		CD6048411DBFD4D4003BDB79 /* Resources */ = {
			isa = PBXResourcesBuildPhase;
			buildActionMask = 2147483647;
			files = (
				CD6048511DBFD4D4003BDB79 /* LaunchScreen.storyboard in Resources */,
				CD60484E1DBFD4D4003BDB79 /* Assets.xcassets in Resources */,
				CD60484C1DBFD4D4003BDB79 /* Main.storyboard in Resources */,
			);
			runOnlyForDeploymentPostprocessing = 0;
		};
/* End PBXResourcesBuildPhase section */

/* Begin PBXSourcesBuildPhase section */
		CD60483F1DBFD4D4003BDB79 /* Sources */ = {
			isa = PBXSourcesBuildPhase;
			buildActionMask = 2147483647;
			files = (
				CD6048491DBFD4D4003BDB79 /* ViewController.swift in Sources */,
				CD6048471DBFD4D4003BDB79 /* AppDelegate.swift in Sources */,
			);
			runOnlyForDeploymentPostprocessing = 0;
		};
/* End PBXSourcesBuildPhase section */

/* Begin PBXVariantGroup section */
		CD60484A1DBFD4D4003BDB79 /* Main.storyboard */ = {
			isa = PBXVariantGroup;
			children = (
				CD60484B1DBFD4D4003BDB79 /* Base */,
			);
			name = Main.storyboard;
			sourceTree = "<group>";
		};
		CD60484F1DBFD4D4003BDB79 /* LaunchScreen.storyboard */ = {
			isa = PBXVariantGroup;
			children = (
				CD6048501DBFD4D4003BDB79 /* Base */,
			);
			name = LaunchScreen.storyboard;
			sourceTree = "<group>";
		};
/* End PBXVariantGroup section */

/* Begin XCBuildConfiguration section */
		CD6048531DBFD4D4003BDB79 /* Debug */ = {
			isa = XCBuildConfiguration;
			buildSettings = {
				ALWAYS_SEARCH_USER_PATHS = NO;
				CLANG_ANALYZER_NONNULL = YES;
				CLANG_CXX_LANGUAGE_STANDARD = "gnu++0x";
				CLANG_CXX_LIBRARY = "libc++";
				CLANG_ENABLE_MODULES = YES;
				CLANG_ENABLE_OBJC_ARC = YES;
				CLANG_WARN_BOOL_CONVERSION = YES;
				CLANG_WARN_CONSTANT_CONVERSION = YES;
				CLANG_WARN_DIRECT_OBJC_ISA_USAGE = YES_ERROR;
				CLANG_WARN_DOCUMENTATION_COMMENTS = YES;
				CLANG_WARN_EMPTY_BODY = YES;
				CLANG_WARN_ENUM_CONVERSION = YES;
				CLANG_WARN_INFINITE_RECURSION = YES;
				CLANG_WARN_INT_CONVERSION = YES;
				CLANG_WARN_OBJC_ROOT_CLASS = YES_ERROR;
				CLANG_WARN_SUSPICIOUS_MOVES = YES;
				CLANG_WARN_UNREACHABLE_CODE = YES;
				CLANG_WARN__DUPLICATE_METHOD_MATCH = YES;
				"CODE_SIGN_IDENTITY[sdk=iphoneos*]" = "iPhone Developer";
				COPY_PHASE_STRIP = NO;
				DEBUG_INFORMATION_FORMAT = dwarf;
				ENABLE_STRICT_OBJC_MSGSEND = YES;
				ENABLE_TESTABILITY = YES;
				GCC_C_LANGUAGE_STANDARD = gnu99;
				GCC_DYNAMIC_NO_PIC = NO;
				GCC_NO_COMMON_BLOCKS = YES;
				GCC_OPTIMIZATION_LEVEL = 0;
				GCC_PREPROCESSOR_DEFINITIONS = (
					"DEBUG=1",
					"$(inherited)",
				);
				GCC_WARN_64_TO_32_BIT_CONVERSION = YES;
				GCC_WARN_ABOUT_RETURN_TYPE = YES_ERROR;
				GCC_WARN_UNDECLARED_SELECTOR = YES;
				GCC_WARN_UNINITIALIZED_AUTOS = YES_AGGRESSIVE;
				GCC_WARN_UNUSED_FUNCTION = YES;
				GCC_WARN_UNUSED_VARIABLE = YES;
				IPHONEOS_DEPLOYMENT_TARGET = 10.0;
				MTL_ENABLE_DEBUG_INFO = YES;
				ONLY_ACTIVE_ARCH = YES;
				SDKROOT = iphoneos;
				SWIFT_ACTIVE_COMPILATION_CONDITIONS = DEBUG;
				SWIFT_OPTIMIZATION_LEVEL = "-Onone";
				TARGETED_DEVICE_FAMILY = "1,2";
			};
			name = Debug;
		};
		CD6048541DBFD4D4003BDB79 /* Release */ = {
			isa = XCBuildConfiguration;
			buildSettings = {
				ALWAYS_SEARCH_USER_PATHS = NO;
				CLANG_ANALYZER_NONNULL = YES;
				CLANG_CXX_LANGUAGE_STANDARD = "gnu++0x";
				CLANG_CXX_LIBRARY = "libc++";
				CLANG_ENABLE_MODULES = YES;
				CLANG_ENABLE_OBJC_ARC = YES;
				CLANG_WARN_BOOL_CONVERSION = YES;
				CLANG_WARN_CONSTANT_CONVERSION = YES;
				CLANG_WARN_DIRECT_OBJC_ISA_USAGE = YES_ERROR;
				CLANG_WARN_DOCUMENTATION_COMMENTS = YES;
				CLANG_WARN_EMPTY_BODY = YES;
				CLANG_WARN_ENUM_CONVERSION = YES;
				CLANG_WARN_INFINITE_RECURSION = YES;
				CLANG_WARN_INT_CONVERSION = YES;
				CLANG_WARN_OBJC_ROOT_CLASS = YES_ERROR;
				CLANG_WARN_SUSPICIOUS_MOVES = YES;
				CLANG_WARN_UNREACHABLE_CODE = YES;
				CLANG_WARN__DUPLICATE_METHOD_MATCH = YES;
				"CODE_SIGN_IDENTITY[sdk=iphoneos*]" = "iPhone Developer";
				COPY_PHASE_STRIP = NO;
				DEBUG_INFORMATION_FORMAT = "dwarf-with-dsym";
				ENABLE_NS_ASSERTIONS = NO;
				ENABLE_STRICT_OBJC_MSGSEND = YES;
				GCC_C_LANGUAGE_STANDARD = gnu99;
				GCC_NO_COMMON_BLOCKS = YES;
				GCC_WARN_64_TO_32_BIT_CONVERSION = YES;
				GCC_WARN_ABOUT_RETURN_TYPE = YES_ERROR;
				GCC_WARN_UNDECLARED_SELECTOR = YES;
				GCC_WARN_UNINITIALIZED_AUTOS = YES_AGGRESSIVE;
				GCC_WARN_UNUSED_FUNCTION = YES;
				GCC_WARN_UNUSED_VARIABLE = YES;
				IPHONEOS_DEPLOYMENT_TARGET = 10.0;
				MTL_ENABLE_DEBUG_INFO = NO;
				SDKROOT = iphoneos;
				SWIFT_OPTIMIZATION_LEVEL = "-Owholemodule";
				TARGETED_DEVICE_FAMILY = "1,2";
				VALIDATE_PRODUCT = YES;
			};
			name = Release;
		};
		CD6048561DBFD4D4003BDB79 /* Debug */ = {
			isa = XCBuildConfiguration;
			buildSettings = {
				ASSETCATALOG_COMPILER_APPICON_NAME = AppIcon;
				DEVELOPMENT_TEAM = 676778BJEB;
				INFOPLIST_FILE = Scale/Info.plist;
				LD_RUNPATH_SEARCH_PATHS = "$(inherited) @executable_path/Frameworks";
				PRODUCT_BUNDLE_IDENTIFIER = ru.proSwift.Scale;
				PRODUCT_NAME = "$(TARGET_NAME)";
				SWIFT_VERSION = 3.0;
			};
			name = Debug;
		};
		CD6048571DBFD4D4003BDB79 /* Release */ = {
			isa = XCBuildConfiguration;
			buildSettings = {
				ASSETCATALOG_COMPILER_APPICON_NAME = AppIcon;
				DEVELOPMENT_TEAM = 676778BJEB;
				INFOPLIST_FILE = Scale/Info.plist;
				LD_RUNPATH_SEARCH_PATHS = "$(inherited) @executable_path/Frameworks";
				PRODUCT_BUNDLE_IDENTIFIER = ru.proSwift.Scale;
				PRODUCT_NAME = "$(TARGET_NAME)";
				SWIFT_VERSION = 3.0;
			};
			name = Release;
		};
/* End XCBuildConfiguration section */

/* Begin XCConfigurationList section */
		CD60483E1DBFD4D4003BDB79 /* Build configuration list for PBXProject "Scale" */ = {
			isa = XCConfigurationList;
			buildConfigurations = (
				CD6048531DBFD4D4003BDB79 /* Debug */,
				CD6048541DBFD4D4003BDB79 /* Release */,
			);
			defaultConfigurationIsVisible = 0;
			defaultConfigurationName = Release;
		};
		CD6048551DBFD4D4003BDB79 /* Build configuration list for PBXNativeTarget "Scale" */ = {
			isa = XCConfigurationList;
			buildConfigurations = (
				CD6048561DBFD4D4003BDB79 /* Debug */,
				CD6048571DBFD4D4003BDB79 /* Release */,
			);
			defaultConfigurationIsVisible = 0;
		};
/* End XCConfigurationList section */
	};
	rootObject = CD60483B1DBFD4D4003BDB79 /* Project object */;
}
